// !$*UTF8*$!
{
	archiveVersion = 1;
	classes = {
	};
	objectVersion = 46;
	objects = {

/* Begin PBXBuildFile section */
		273D39DF1DACE9A70005F262 /* EXMSharedClass.m in Sources */ = {isa = PBXBuildFile; fileRef = 273D39DE1DACE9A70005F262 /* EXMSharedClass.m */; };
		D6EA6C771DA65D6F00D5AB4B /* AppDelegate.m in Sources */ = {isa = PBXBuildFile; fileRef = D6EA6C761DA65D6F00D5AB4B /* AppDelegate.m */; };
		D6EA6C7A1DA65D6F00D5AB4B /* main.m in Sources */ = {isa = PBXBuildFile; fileRef = D6EA6C791DA65D6F00D5AB4B /* main.m */; };
		D6EA6C7C1DA65D6F00D5AB4B /* Assets.xcassets in Resources */ = {isa = PBXBuildFile; fileRef = D6EA6C7B1DA65D6F00D5AB4B /* Assets.xcassets */; };
		D6EA6C7F1DA65D7000D5AB4B /* MainMenu.xib in Resources */ = {isa = PBXBuildFile; fileRef = D6EA6C7D1DA65D7000D5AB4B /* MainMenu.xib */; };
		D6EA6C8E1DA65DFF00D5AB4B /* AppDelegate.m in Sources */ = {isa = PBXBuildFile; fileRef = D6EA6C8D1DA65DFF00D5AB4B /* AppDelegate.m */; };
		D6EA6C911DA65DFF00D5AB4B /* main.m in Sources */ = {isa = PBXBuildFile; fileRef = D6EA6C901DA65DFF00D5AB4B /* main.m */; };
		D6EA6C931DA65DFF00D5AB4B /* Assets.xcassets in Resources */ = {isa = PBXBuildFile; fileRef = D6EA6C921DA65DFF00D5AB4B /* Assets.xcassets */; };
		D6EA6C961DA65DFF00D5AB4B /* MainMenu.xib in Resources */ = {isa = PBXBuildFile; fileRef = D6EA6C941DA65DFF00D5AB4B /* MainMenu.xib */; };
		D6EA6CBB1DA7994500D5AB4B /* SandboxPair.app in Resources */ = {isa = PBXBuildFile; fileRef = D6EA6C8A1DA65DFF00D5AB4B /* SandboxPair.app */; };
/* End PBXBuildFile section */

/* Begin PBXContainerItemProxy section */
		D6EA6C9B1DA65E2C00D5AB4B /* PBXContainerItemProxy */ = {
			isa = PBXContainerItemProxy;
			containerPortal = D6EA6C6A1DA65D6D00D5AB4B /* Project object */;
			proxyType = 1;
			remoteGlobalIDString = D6EA6C891DA65DFF00D5AB4B;
			remoteInfo = SandboxPair;
		};
/* End PBXContainerItemProxy section */

/* Begin PBXFileReference section */
		273D39DD1DACE9A70005F262 /* EXMSharedClass.h */ = {isa = PBXFileReference; fileEncoding = 4; lastKnownFileType = sourcecode.c.h; path = EXMSharedClass.h; sourceTree = "<group>"; };
		273D39DE1DACE9A70005F262 /* EXMSharedClass.m */ = {isa = PBXFileReference; fileEncoding = 4; lastKnownFileType = sourcecode.c.objc; path = EXMSharedClass.m; sourceTree = "<group>"; };
		D6EA6C721DA65D6E00D5AB4B /* SandboxTest.app */ = {isa = PBXFileReference; explicitFileType = wrapper.application; includeInIndex = 0; path = SandboxTest.app; sourceTree = BUILT_PRODUCTS_DIR; };
		D6EA6C751DA65D6F00D5AB4B /* AppDelegate.h */ = {isa = PBXFileReference; lastKnownFileType = sourcecode.c.h; path = AppDelegate.h; sourceTree = "<group>"; };
		D6EA6C761DA65D6F00D5AB4B /* AppDelegate.m */ = {isa = PBXFileReference; lastKnownFileType = sourcecode.c.objc; path = AppDelegate.m; sourceTree = "<group>"; };
		D6EA6C791DA65D6F00D5AB4B /* main.m */ = {isa = PBXFileReference; lastKnownFileType = sourcecode.c.objc; path = main.m; sourceTree = "<group>"; };
		D6EA6C7B1DA65D6F00D5AB4B /* Assets.xcassets */ = {isa = PBXFileReference; lastKnownFileType = folder.assetcatalog; path = Assets.xcassets; sourceTree = "<group>"; };
		D6EA6C7E1DA65D7000D5AB4B /* Base */ = {isa = PBXFileReference; lastKnownFileType = file.xib; name = Base; path = Base.lproj/MainMenu.xib; sourceTree = "<group>"; };
		D6EA6C801DA65D7000D5AB4B /* Info.plist */ = {isa = PBXFileReference; lastKnownFileType = text.plist.xml; path = Info.plist; sourceTree = "<group>"; };
		D6EA6C8A1DA65DFF00D5AB4B /* SandboxPair.app */ = {isa = PBXFileReference; explicitFileType = wrapper.application; includeInIndex = 0; path = SandboxPair.app; sourceTree = BUILT_PRODUCTS_DIR; };
		D6EA6C8C1DA65DFF00D5AB4B /* AppDelegate.h */ = {isa = PBXFileReference; lastKnownFileType = sourcecode.c.h; path = AppDelegate.h; sourceTree = "<group>"; };
		D6EA6C8D1DA65DFF00D5AB4B /* AppDelegate.m */ = {isa = PBXFileReference; lastKnownFileType = sourcecode.c.objc; path = AppDelegate.m; sourceTree = "<group>"; };
		D6EA6C901DA65DFF00D5AB4B /* main.m */ = {isa = PBXFileReference; lastKnownFileType = sourcecode.c.objc; path = main.m; sourceTree = "<group>"; };
		D6EA6C921DA65DFF00D5AB4B /* Assets.xcassets */ = {isa = PBXFileReference; lastKnownFileType = folder.assetcatalog; path = Assets.xcassets; sourceTree = "<group>"; };
		D6EA6C951DA65DFF00D5AB4B /* Base */ = {isa = PBXFileReference; lastKnownFileType = file.xib; name = Base; path = Base.lproj/MainMenu.xib; sourceTree = "<group>"; };
		D6EA6C971DA65DFF00D5AB4B /* Info.plist */ = {isa = PBXFileReference; lastKnownFileType = text.plist.xml; path = Info.plist; sourceTree = "<group>"; };
		D6EA6C9E1DA65E5900D5AB4B /* SandboxTest.entitlements */ = {isa = PBXFileReference; lastKnownFileType = text.plist.entitlements; path = SandboxTest.entitlements; sourceTree = "<group>"; };
		D6EA6C9F1DA65E6E00D5AB4B /* SandboxPair.entitlements */ = {isa = PBXFileReference; lastKnownFileType = text.plist.entitlements; path = SandboxPair.entitlements; sourceTree = "<group>"; };
/* End PBXFileReference section */

/* Begin PBXFrameworksBuildPhase section */
		D6EA6C6F1DA65D6E00D5AB4B /* Frameworks */ = {
			isa = PBXFrameworksBuildPhase;
			buildActionMask = 2147483647;
			files = (
			);
			runOnlyForDeploymentPostprocessing = 0;
		};
		D6EA6C871DA65DFF00D5AB4B /* Frameworks */ = {
			isa = PBXFrameworksBuildPhase;
			buildActionMask = 2147483647;
			files = (
			);
			runOnlyForDeploymentPostprocessing = 0;
		};
/* End PBXFrameworksBuildPhase section */

/* Begin PBXGroup section */
		D6EA6C691DA65D6D00D5AB4B = {
			isa = PBXGroup;
			children = (
				D6EA6C741DA65D6E00D5AB4B /* SandboxTest */,
				D6EA6C8B1DA65DFF00D5AB4B /* SandboxPair */,
				D6EA6C731DA65D6E00D5AB4B /* Products */,
			);
			sourceTree = "<group>";
		};
		D6EA6C731DA65D6E00D5AB4B /* Products */ = {
			isa = PBXGroup;
			children = (
				D6EA6C721DA65D6E00D5AB4B /* SandboxTest.app */,
				D6EA6C8A1DA65DFF00D5AB4B /* SandboxPair.app */,
			);
			name = Products;
			sourceTree = "<group>";
		};
		D6EA6C741DA65D6E00D5AB4B /* SandboxTest */ = {
			isa = PBXGroup;
			children = (
				D6EA6C9E1DA65E5900D5AB4B /* SandboxTest.entitlements */,
				D6EA6C751DA65D6F00D5AB4B /* AppDelegate.h */,
				D6EA6C761DA65D6F00D5AB4B /* AppDelegate.m */,
				273D39DD1DACE9A70005F262 /* EXMSharedClass.h */,
				273D39DE1DACE9A70005F262 /* EXMSharedClass.m */,
				D6EA6C7B1DA65D6F00D5AB4B /* Assets.xcassets */,
				D6EA6C7D1DA65D7000D5AB4B /* MainMenu.xib */,
				D6EA6C801DA65D7000D5AB4B /* Info.plist */,
				D6EA6C781DA65D6F00D5AB4B /* Supporting Files */,
			);
			path = SandboxTest;
			sourceTree = "<group>";
		};
		D6EA6C781DA65D6F00D5AB4B /* Supporting Files */ = {
			isa = PBXGroup;
			children = (
				D6EA6C791DA65D6F00D5AB4B /* main.m */,
			);
			name = "Supporting Files";
			sourceTree = "<group>";
		};
		D6EA6C8B1DA65DFF00D5AB4B /* SandboxPair */ = {
			isa = PBXGroup;
			children = (
				D6EA6C9F1DA65E6E00D5AB4B /* SandboxPair.entitlements */,
				D6EA6C8C1DA65DFF00D5AB4B /* AppDelegate.h */,
				D6EA6C8D1DA65DFF00D5AB4B /* AppDelegate.m */,
				D6EA6C921DA65DFF00D5AB4B /* Assets.xcassets */,
				D6EA6C941DA65DFF00D5AB4B /* MainMenu.xib */,
				D6EA6C971DA65DFF00D5AB4B /* Info.plist */,
				D6EA6C8F1DA65DFF00D5AB4B /* Supporting Files */,
			);
			path = SandboxPair;
			sourceTree = "<group>";
		};
		D6EA6C8F1DA65DFF00D5AB4B /* Supporting Files */ = {
			isa = PBXGroup;
			children = (
				D6EA6C901DA65DFF00D5AB4B /* main.m */,
			);
			name = "Supporting Files";
			sourceTree = "<group>";
		};
/* End PBXGroup section */

/* Begin PBXNativeTarget section */
		D6EA6C711DA65D6E00D5AB4B /* SandboxTest */ = {
			isa = PBXNativeTarget;
			buildConfigurationList = D6EA6C831DA65D7000D5AB4B /* Build configuration list for PBXNativeTarget "SandboxTest" */;
			buildPhases = (
				D6EA6C6E1DA65D6E00D5AB4B /* Sources */,
				D6EA6C6F1DA65D6E00D5AB4B /* Frameworks */,
				D6EA6C701DA65D6E00D5AB4B /* Resources */,
			);
			buildRules = (
			);
			dependencies = (
				D6EA6C9C1DA65E2C00D5AB4B /* PBXTargetDependency */,
			);
			name = SandboxTest;
			productName = SandboxTest;
			productReference = D6EA6C721DA65D6E00D5AB4B /* SandboxTest.app */;
			productType = "com.apple.product-type.application";
		};
		D6EA6C891DA65DFF00D5AB4B /* SandboxPair */ = {
			isa = PBXNativeTarget;
			buildConfigurationList = D6EA6C981DA65DFF00D5AB4B /* Build configuration list for PBXNativeTarget "SandboxPair" */;
			buildPhases = (
				D6EA6C861DA65DFF00D5AB4B /* Sources */,
				D6EA6C871DA65DFF00D5AB4B /* Frameworks */,
				D6EA6C881DA65DFF00D5AB4B /* Resources */,
			);
			buildRules = (
			);
			dependencies = (
			);
			name = SandboxPair;
			productName = SandboxPair;
			productReference = D6EA6C8A1DA65DFF00D5AB4B /* SandboxPair.app */;
			productType = "com.apple.product-type.application";
		};
/* End PBXNativeTarget section */

/* Begin PBXProject section */
		D6EA6C6A1DA65D6D00D5AB4B /* Project object */ = {
			isa = PBXProject;
			attributes = {
				LastUpgradeCheck = 0800;
				ORGANIZATIONNAME = "Andrey Sobchinskiy";
				TargetAttributes = {
					D6EA6C711DA65D6E00D5AB4B = {
						CreatedOnToolsVersion = 8.0;
						ProvisioningStyle = Automatic;
						SystemCapabilities = {
							com.apple.ApplicationGroups.Mac = {
								enabled = 1;
							};
							com.apple.Sandbox = {
								enabled = 0;
							};
						};
					};
					D6EA6C891DA65DFF00D5AB4B = {
						CreatedOnToolsVersion = 8.0;
						ProvisioningStyle = Automatic;
						SystemCapabilities = {
							com.apple.Sandbox = {
								enabled = 1;
							};
						};
					};
				};
			};
			buildConfigurationList = D6EA6C6D1DA65D6D00D5AB4B /* Build configuration list for PBXProject "SandboxTest" */;
			compatibilityVersion = "Xcode 3.2";
			developmentRegion = English;
			hasScannedForEncodings = 0;
			knownRegions = (
				en,
				Base,
			);
			mainGroup = D6EA6C691DA65D6D00D5AB4B;
			productRefGroup = D6EA6C731DA65D6E00D5AB4B /* Products */;
			projectDirPath = "";
			projectRoot = "";
			targets = (
				D6EA6C711DA65D6E00D5AB4B /* SandboxTest */,
				D6EA6C891DA65DFF00D5AB4B /* SandboxPair */,
			);
		};
/* End PBXProject section */

/* Begin PBXResourcesBuildPhase section */
		D6EA6C701DA65D6E00D5AB4B /* Resources */ = {
			isa = PBXResourcesBuildPhase;
			buildActionMask = 2147483647;
			files = (
				D6EA6C7C1DA65D6F00D5AB4B /* Assets.xcassets in Resources */,
				D6EA6C7F1DA65D7000D5AB4B /* MainMenu.xib in Resources */,
				D6EA6CBB1DA7994500D5AB4B /* SandboxPair.app in Resources */,
			);
			runOnlyForDeploymentPostprocessing = 0;
		};
		D6EA6C881DA65DFF00D5AB4B /* Resources */ = {
			isa = PBXResourcesBuildPhase;
			buildActionMask = 2147483647;
			files = (
				D6EA6C931DA65DFF00D5AB4B /* Assets.xcassets in Resources */,
				D6EA6C961DA65DFF00D5AB4B /* MainMenu.xib in Resources */,
			);
			runOnlyForDeploymentPostprocessing = 0;
		};
/* End PBXResourcesBuildPhase section */

/* Begin PBXSourcesBuildPhase section */
		D6EA6C6E1DA65D6E00D5AB4B /* Sources */ = {
			isa = PBXSourcesBuildPhase;
			buildActionMask = 2147483647;
			files = (
				D6EA6C7A1DA65D6F00D5AB4B /* main.m in Sources */,
				D6EA6C771DA65D6F00D5AB4B /* AppDelegate.m in Sources */,
				273D39DF1DACE9A70005F262 /* EXMSharedClass.m in Sources */,
			);
			runOnlyForDeploymentPostprocessing = 0;
		};
		D6EA6C861DA65DFF00D5AB4B /* Sources */ = {
			isa = PBXSourcesBuildPhase;
			buildActionMask = 2147483647;
			files = (
				D6EA6C911DA65DFF00D5AB4B /* main.m in Sources */,
				D6EA6C8E1DA65DFF00D5AB4B /* AppDelegate.m in Sources */,
			);
			runOnlyForDeploymentPostprocessing = 0;
		};
/* End PBXSourcesBuildPhase section */

/* Begin PBXTargetDependency section */
		D6EA6C9C1DA65E2C00D5AB4B /* PBXTargetDependency */ = {
			isa = PBXTargetDependency;
			target = D6EA6C891DA65DFF00D5AB4B /* SandboxPair */;
			targetProxy = D6EA6C9B1DA65E2C00D5AB4B /* PBXContainerItemProxy */;
		};
/* End PBXTargetDependency section */

/* Begin PBXVariantGroup section */
		D6EA6C7D1DA65D7000D5AB4B /* MainMenu.xib */ = {
			isa = PBXVariantGroup;
			children = (
				D6EA6C7E1DA65D7000D5AB4B /* Base */,
			);
			name = MainMenu.xib;
			sourceTree = "<group>";
		};
		D6EA6C941DA65DFF00D5AB4B /* MainMenu.xib */ = {
			isa = PBXVariantGroup;
			children = (
				D6EA6C951DA65DFF00D5AB4B /* Base */,
			);
			name = MainMenu.xib;
			sourceTree = "<group>";
		};
/* End PBXVariantGroup section */

/* Begin XCBuildConfiguration section */
		D6EA6C811DA65D7000D5AB4B /* Debug */ = {
			isa = XCBuildConfiguration;
			buildSettings = {
				ALWAYS_SEARCH_USER_PATHS = NO;
				CLANG_ANALYZER_NONNULL = YES;
				CLANG_CXX_LANGUAGE_STANDARD = "gnu++0x";
				CLANG_CXX_LIBRARY = "libc++";
				CLANG_ENABLE_MODULES = YES;
				CLANG_ENABLE_OBJC_ARC = YES;
				CLANG_WARN_BOOL_CONVERSION = YES;
				CLANG_WARN_CONSTANT_CONVERSION = YES;
				CLANG_WARN_DIRECT_OBJC_ISA_USAGE = YES_ERROR;
				CLANG_WARN_DOCUMENTATION_COMMENTS = YES;
				CLANG_WARN_EMPTY_BODY = YES;
				CLANG_WARN_ENUM_CONVERSION = YES;
				CLANG_WARN_INFINITE_RECURSION = YES;
				CLANG_WARN_INT_CONVERSION = YES;
				CLANG_WARN_OBJC_ROOT_CLASS = YES_ERROR;
				CLANG_WARN_SUSPICIOUS_MOVES = YES;
				CLANG_WARN_UNREACHABLE_CODE = YES;
				CLANG_WARN__DUPLICATE_METHOD_MATCH = YES;
				CODE_SIGN_IDENTITY = "-";
				COPY_PHASE_STRIP = NO;
				DEBUG_INFORMATION_FORMAT = dwarf;
				ENABLE_STRICT_OBJC_MSGSEND = YES;
				ENABLE_TESTABILITY = YES;
				GCC_C_LANGUAGE_STANDARD = gnu99;
				GCC_DYNAMIC_NO_PIC = NO;
				GCC_NO_COMMON_BLOCKS = YES;
				GCC_OPTIMIZATION_LEVEL = 0;
				GCC_PREPROCESSOR_DEFINITIONS = (
					"DEBUG=1",
					"$(inherited)",
				);
				GCC_WARN_64_TO_32_BIT_CONVERSION = YES;
				GCC_WARN_ABOUT_RETURN_TYPE = YES_ERROR;
				GCC_WARN_UNDECLARED_SELECTOR = YES;
				GCC_WARN_UNINITIALIZED_AUTOS = YES_AGGRESSIVE;
				GCC_WARN_UNUSED_FUNCTION = YES;
				GCC_WARN_UNUSED_VARIABLE = YES;
				MACOSX_DEPLOYMENT_TARGET = 10.12;
				MTL_ENABLE_DEBUG_INFO = YES;
				ONLY_ACTIVE_ARCH = YES;
				SDKROOT = macosx;
			};
			name = Debug;
		};
		D6EA6C821DA65D7000D5AB4B /* Release */ = {
			isa = XCBuildConfiguration;
			buildSettings = {
				ALWAYS_SEARCH_USER_PATHS = NO;
				CLANG_ANALYZER_NONNULL = YES;
				CLANG_CXX_LANGUAGE_STANDARD = "gnu++0x";
				CLANG_CXX_LIBRARY = "libc++";
				CLANG_ENABLE_MODULES = YES;
				CLANG_ENABLE_OBJC_ARC = YES;
				CLANG_WARN_BOOL_CONVERSION = YES;
				CLANG_WARN_CONSTANT_CONVERSION = YES;
				CLANG_WARN_DIRECT_OBJC_ISA_USAGE = YES_ERROR;
				CLANG_WARN_DOCUMENTATION_COMMENTS = YES;
				CLANG_WARN_EMPTY_BODY = YES;
				CLANG_WARN_ENUM_CONVERSION = YES;
				CLANG_WARN_INFINITE_RECURSION = YES;
				CLANG_WARN_INT_CONVERSION = YES;
				CLANG_WARN_OBJC_ROOT_CLASS = YES_ERROR;
				CLANG_WARN_SUSPICIOUS_MOVES = YES;
				CLANG_WARN_UNREACHABLE_CODE = YES;
				CLANG_WARN__DUPLICATE_METHOD_MATCH = YES;
				CODE_SIGN_IDENTITY = "-";
				COPY_PHASE_STRIP = NO;
				DEBUG_INFORMATION_FORMAT = "dwarf-with-dsym";
				ENABLE_NS_ASSERTIONS = NO;
				ENABLE_STRICT_OBJC_MSGSEND = YES;
				GCC_C_LANGUAGE_STANDARD = gnu99;
				GCC_NO_COMMON_BLOCKS = YES;
				GCC_WARN_64_TO_32_BIT_CONVERSION = YES;
				GCC_WARN_ABOUT_RETURN_TYPE = YES_ERROR;
				GCC_WARN_UNDECLARED_SELECTOR = YES;
				GCC_WARN_UNINITIALIZED_AUTOS = YES_AGGRESSIVE;
				GCC_WARN_UNUSED_FUNCTION = YES;
				GCC_WARN_UNUSED_VARIABLE = YES;
				MACOSX_DEPLOYMENT_TARGET = 10.12;
				MTL_ENABLE_DEBUG_INFO = NO;
				SDKROOT = macosx;
			};
			name = Release;
		};
		D6EA6C841DA65D7000D5AB4B /* Debug */ = {
			isa = XCBuildConfiguration;
			buildSettings = {
				ASSETCATALOG_COMPILER_APPICON_NAME = AppIcon;
				CODE_SIGN_ENTITLEMENTS = SandboxTest/SandboxTest.entitlements;
				CODE_SIGN_IDENTITY = "Mac Developer";
				COMBINE_HIDPI_IMAGES = YES;
				DEVELOPMENT_TEAM = "";
				INFOPLIST_FILE = SandboxTest/Info.plist;
				LD_RUNPATH_SEARCH_PATHS = "$(inherited) @executable_path/../Frameworks";
				PRODUCT_BUNDLE_IDENTIFIER = com.mpogosskiy.SandboxTest;
				PRODUCT_NAME = "$(TARGET_NAME)";
			};
			name = Debug;
		};
		D6EA6C851DA65D7000D5AB4B /* Release */ = {
			isa = XCBuildConfiguration;
			buildSettings = {
				ASSETCATALOG_COMPILER_APPICON_NAME = AppIcon;
				CODE_SIGN_ENTITLEMENTS = SandboxTest/SandboxTest.entitlements;
				CODE_SIGN_IDENTITY = "Mac Developer";
				COMBINE_HIDPI_IMAGES = YES;
				DEVELOPMENT_TEAM = "";
				INFOPLIST_FILE = SandboxTest/Info.plist;
				LD_RUNPATH_SEARCH_PATHS = "$(inherited) @executable_path/../Frameworks";
				PRODUCT_BUNDLE_IDENTIFIER = com.mpogosskiy.SandboxTest;
				PRODUCT_NAME = "$(TARGET_NAME)";
			};
			name = Release;
		};
		D6EA6C991DA65DFF00D5AB4B /* Debug */ = {
			isa = XCBuildConfiguration;
			buildSettings = {
				ASSETCATALOG_COMPILER_APPICON_NAME = AppIcon;
				CODE_SIGN_ENTITLEMENTS = SandboxPair/SandboxPair.entitlements;
				CODE_SIGN_IDENTITY = "Mac Developer";
				COMBINE_HIDPI_IMAGES = YES;
				DEVELOPMENT_TEAM = "";
				INFOPLIST_FILE = SandboxPair/Info.plist;
				LD_RUNPATH_SEARCH_PATHS = "$(inherited) @executable_path/../Frameworks";
				PRODUCT_BUNDLE_IDENTIFIER = com.mpogosskiy.SandboxPair;
				PRODUCT_NAME = "$(TARGET_NAME)";
			};
			name = Debug;
		};
		D6EA6C9A1DA65DFF00D5AB4B /* Release */ = {
			isa = XCBuildConfiguration;
			buildSettings = {
				ASSETCATALOG_COMPILER_APPICON_NAME = AppIcon;
				CODE_SIGN_ENTITLEMENTS = SandboxPair/SandboxPair.entitlements;
				CODE_SIGN_IDENTITY = "Mac Developer";
				COMBINE_HIDPI_IMAGES = YES;
				DEVELOPMENT_TEAM = "";
				INFOPLIST_FILE = SandboxPair/Info.plist;
				LD_RUNPATH_SEARCH_PATHS = "$(inherited) @executable_path/../Frameworks";
				PRODUCT_BUNDLE_IDENTIFIER = com.mpogosskiy.SandboxPair;
				PRODUCT_NAME = "$(TARGET_NAME)";
			};
			name = Release;
		};
/* End XCBuildConfiguration section */

/* Begin XCConfigurationList section */
		D6EA6C6D1DA65D6D00D5AB4B /* Build configuration list for PBXProject "SandboxTest" */ = {
			isa = XCConfigurationList;
			buildConfigurations = (
				D6EA6C811DA65D7000D5AB4B /* Debug */,
				D6EA6C821DA65D7000D5AB4B /* Release */,
			);
			defaultConfigurationIsVisible = 0;
			defaultConfigurationName = Release;
		};
		D6EA6C831DA65D7000D5AB4B /* Build configuration list for PBXNativeTarget "SandboxTest" */ = {
			isa = XCConfigurationList;
			buildConfigurations = (
				D6EA6C841DA65D7000D5AB4B /* Debug */,
				D6EA6C851DA65D7000D5AB4B /* Release */,
			);
			defaultConfigurationIsVisible = 0;
			defaultConfigurationName = Release;
		};
		D6EA6C981DA65DFF00D5AB4B /* Build configuration list for PBXNativeTarget "SandboxPair" */ = {
			isa = XCConfigurationList;
			buildConfigurations = (
				D6EA6C991DA65DFF00D5AB4B /* Debug */,
				D6EA6C9A1DA65DFF00D5AB4B /* Release */,
			);
			defaultConfigurationIsVisible = 0;
			defaultConfigurationName = Release;
		};
/* End XCConfigurationList section */
	};
	rootObject = D6EA6C6A1DA65D6D00D5AB4B /* Project object */;
}
